{
  "name": "nextjs-landing-page",
  "version": "1.0.0",
  "lockfileVersion": 2,
  "requires": true,
  "packages": {
    "": {
      "name": "nextjs-landing-page",
      "version": "1.0.0",
      "dependencies": {
        "@types/node": "20.10.5",
        "@types/react": "18.2.45",
        "@types/react-dom": "18.2.18",
        "@types/sqlite3": "3.1.11",
        "@types/validator": "13.11.8",
        "autoprefixer": "10.4.16",
        "class-validator": "0.14.0",
        "dotenv": "16.3.1",
        "eslint": "8.56.0",
        "eslint-config-next": "14.0.4",
        "next": "14.0.4",
        "postcss": "8.4.31",
        "react": "18.2.0",
        "react-dom": "18.2.0",
        "reflect-metadata": "0.1.13",
        "sqlite3": "5.1.6",
        "tailwindcss": "3.3.6",
        "typeorm": "0.3.19",
        "typescript": "5.3.2"
      }
    }
  },
  "dependencies": {
    "@types/node": {
      "version": "20.10.5",
      "resolved": "https://registry.npmjs.org/@types/node/-/node-20.10.5.tgz",
      "integrity": "sha512-nNPsNE65wjMxOJJ3Cgv3ZzBv5tjoQFM/wc3nUc9vL4/6/ME62LokcUkBSrPZGXAawFsrTf8c9yR1e5arK2yQVQ==",
      "dev": true
    },
    "@types/react": {
      "version": "18.2.45",
      "resolved": "https://registry.npmjs.org/@types/react/-/react-18.2.45.tgz",
      "integrity": "sha512-rcCeQ1a3jGxKkA9uWoyq0tP2QquLCmYCQBfMq6mTg7jZRGAS9CX9yHNZVgkS/2pEexQeZ0yRO4udbLqIeQI9UA==",
      "dev": true
    },
    "@types/react-dom": {
      "version": "18.2.18",
      "resolved": "https://registry.npmjs.org/@types/react-dom/-/react-dom-18.2.18.tgz",
      "integrity": "sha512-Ek9MnjRKVDJ3Xx52wCQsuU18XFd8gtn0x7nY1Y4CTk0yvaPk8wLa9pZUXw+0cdWpcuIxWte5uDiHZ6oW2rzq2A==",
      "dev": true
    },
    "@types/sqlite3": {
      "version": "3.1.11",
      "resolved": "https://registry.npmjs.org/@types/sqlite3/-/sqlite3-3.1.11.tgz",
      "integrity": "sha512-Cr7kutjIqRvsLdXewhOwf6n8iRYrZ1e6vS+znc7Xq6U3kZ7Jd2U1k6B19NN9F+6FgWr8dZrk8Gfn4/6k7iyR0kg==",
      "dev": true
    },
    "@types/validator": {
      "version": "13.11.8",
      "resolved": "https://registry.npmjs.org/@types/validator/-/validator-13.11.8.tgz",
      "integrity": "sha512-d8zvbBm/gZgLSgL+uYOec8rL5V9xY2osHDp2EwFQXf7cDED/grZdPXPqibW6QLOIFqP2wtKreCrqYsLcSdT3fA==",
      "dev": true
    },
    "autoprefixer": {
      "version": "10.4.16",
      "resolved": "https://registry.npmjs.org/autoprefixer/-/autoprefixer-10.4.16.tgz",
      "integrity": "sha512-7vd4Ua3+/BpdOBBj90TgTPrkK6TiAGOkjO5Y2Hw3VgboZdH8hVb1L6k9i5h8b1V0VQ7uXoM7vqJxqx68P4F8UQ=="
    },
    "class-validator": {
      "version": "0.14.0",
      "resolved": "https://registry.npmjs.org/class-validator/-/class-validator-0.14.0.tgz",
      "integrity": "sha512-ct5sX4OHHkH4A0nKQ5En1FUEcORIB5geaZFi/L2PDl80k8FkFz9t3kL8N1dAqAkC0BqRLa7Z/gq3kfHp6wqHFA=="
    },
    "dotenv": {
      "version": "16.3.1",
      "resolved": "https://registry.npmjs.org/dotenv/-/dotenv-16.3.1.tgz",
      "integrity": "sha512-IPzF4w4/Rd94bA9imS68tZBaYyBWSCE47V1RGuMrB94iyTOIEwRmVL2x/4An+6mETpLrKJ5hQkB8W4kFAadeIQ=="
    },
    "eslint": {
      "version": "8.56.0",
      "resolved": "https://registry.npmjs.org/eslint/-/eslint-8.56.0.tgz",
      "integrity": "sha512-e0cK2qPZD7kKc9xZxo36G9vVPPfbmYHLebc8p79z+n5ZrCl8QTElG2lJ6sKFsYrxsjR0hY3Y7JtuupE1+yEpwQ==",
      "dev": true
    },
    "eslint-config-next": {
      "version": "14.0.4",
      "resolved": "https://registry.npmjs.org/eslint-config-next/-/eslint-config-next-14.0.4.tgz",
      "integrity": "sha512-s/r1+dN9K65/z0Z4x8Yvl8uMIfPJ8sc0R8l8n1ceA2W9/jadnXzs34hzD7A6hZ0fPk24mBLVlgCK0cX79FBYgA==",
      "dev": true
    },
    "next": {
      "version": "14.0.4",
      "resolved": "https://registry.npmjs.org/next/-/next-14.0.4.tgz",
      "integrity": "sha512-7aD6LqTdGjZjL7cLJSq6Trp7DnHxwKxUqKyQn1OI8v99k0Bu/2zQ3eGnQHcYJq1Q7vKfT7L0WcASjXhheztmHg==",
      "requires": {
        "@next/env": "14.0.4",
        "caniuse-lite": "^1.0.30001574",
        "postcss": "8.4.31",
        "react": "18.2.0",
        "react-dom": "18.2.0",
        "styled-jsx": "5.1.1"
      }
    },
    "postcss": {
      "version": "8.4.31",
      "resolved": "https://registry.npmjs.org/postcss/-/postcss-8.4.31.tgz",
      "integrity": "sha512-PS08Iboia9mts/2ygV3eLpY5ghnUcfLV/EXTOW1E2qYxJ+gbn5C5eF+23s0QaIpWl18ataIMXu0EQ6lHpz1zUw=="
    },
    "react": {
      "version": "18.2.0",
      "resolved": "https://registry.npmjs.org/react/-/react-18.2.0.tgz",
      "integrity": "sha512-/3IjMdb2L9QbBdWiW5e3P2/npwMBaU9mHCSCUzNln0ZCYbcfTsGbTJrU/kGemdH2IWmB2ioZ+zkxtmq6g09fGQ=="
    },
    "react-dom": {
      "version": "18.2.0",
      "resolved": "https://registry.npmjs.org/react-dom/-/react-dom-18.2.0.tgz",
      "integrity": "sha512-6IMTriUmvsjHUjNtEDudZfuDQUoWXVxKHhlEGSk81n4YFS+r/Kl99wXiwlVXtPBtJenozv2P+hxDsw9eA7Xo6g=="
    },
    "reflect-metadata": {
      "version": "0.1.13",
      "resolved": "https://registry.npmjs.org/reflect-metadata/-/reflect-metadata-0.1.13.tgz",
      "integrity": "sha512-Ts1Y/anZELhSsjMcU605fU9RE4Oi3p5ORujwbIKXfWa+0Zxs510Qrmrce5/Jowq3cHSZSJqBjypxmHarc+vEWg=="
    },
    "sqlite3": {
      "version": "5.1.6",
      "resolved": "https://registry.npmjs.org/sqlite3/-/sqlite3-5.1.6.tgz",
      "integrity": "sha512-HainY/fUqV7BB3kvqldkIxlqkpJ+8jOStw1qt2o8qQloFgWu7y9d6gVaWAb8N6VLVpQHCqYU8O2qP5vW8Jh4ow=="
    },
    "tailwindcss": {
      "version": "3.3.6",
      "resolved": "https://registry.npmjs.org/tailwindcss/-/tailwindcss-3.3.6.tgz",
      "integrity": "sha512-hZKfR8PkHBgS0P6eHRjBQN8jY6hPRQeSEk3HcCIcC5KqoFJjDvZ6T9kPodWQqMCdmgG/9kHl1Mq9RgCjL7d6qg=="
    },
    "typeorm": {
      "version": "0.3.19",
      "resolved": "https://registry.npmjs.org/typeorm/-/typeorm-0.3.19.tgz",
      "integrity": "sha512-HhqBEEmJhClVtck4xHd40oZc/RR5B6iS3zX5xdrP+VR4qPLghT+O6lNR5kE/mg2YERi2p7j5JEGlJrtpyrWYJA==",
      "requires": {
        "app-root-path": "^3.1.0",
        "chalk": "^4.1.2",
        "cli-highlight": "^2.1.11",
        "glob": "^7.1.7",
        "js-yaml": "^4.1.0",
        "lodash": "^4.17.21",
        "mkdirp": "^1.0.4",
        "reflect-metadata": "^0.1.13",
        "shimmer": "^1.2.1",
        "tslib": "^2.6.0",
        "yargs": "^17.7.2"
      }
    },
    "typescript": {
      "version": "5.3.2",
      "resolved": "https://registry.npmjs.org/typescript/-/typescript-5.3.2.tgz",
      "integrity": "sha512-6l+RyNy7oAHDfxC4FzSJcz9vnjTKxrLpDG5M2Vu4SHRVNg6xzqZp6LYSR9zjqQTu8DU/f5xwxUdADOkbrIX2gQ==",
      "dev": true
    }
  }
}